// !$*UTF8*$!
{
	archiveVersion = 1;
	classes = {
	};
	objectVersion = 50;
	objects = {

/* Begin PBXBuildFile section */
		909A886721DB636900AE91DF /* up_normal.png in Resources */ = {isa = PBXBuildFile; fileRef = 909A885F21DB636900AE91DF /* up_normal.png */; };
		909A886821DB636900AE91DF /* down_normal.png in Resources */ = {isa = PBXBuildFile; fileRef = 909A886021DB636900AE91DF /* down_normal.png */; };
		909A886921DB636900AE91DF /* right_highlight.png in Resources */ = {isa = PBXBuildFile; fileRef = 909A886121DB636900AE91DF /* right_highlight.png */; };
		909A886A21DB636900AE91DF /* left_highlight.png in Resources */ = {isa = PBXBuildFile; fileRef = 909A886221DB636900AE91DF /* left_highlight.png */; };
		909A886B21DB636900AE91DF /* left_normal.png in Resources */ = {isa = PBXBuildFile; fileRef = 909A886321DB636900AE91DF /* left_normal.png */; };
		909A886C21DB636900AE91DF /* down_highlight.png in Resources */ = {isa = PBXBuildFile; fileRef = 909A886421DB636900AE91DF /* down_highlight.png */; };
		909A886D21DB636900AE91DF /* right_normal.png in Resources */ = {isa = PBXBuildFile; fileRef = 909A886521DB636900AE91DF /* right_normal.png */; };
		909A886E21DB636900AE91DF /* up_highlight.png in Resources */ = {isa = PBXBuildFile; fileRef = 909A886621DB636900AE91DF /* up_highlight.png */; };
		909DFF9921DA69B400241714 /* InstanceSceneShader.metal in Sources */ = {isa = PBXBuildFile; fileRef = 909DFF9821DA69B400241714 /* InstanceSceneShader.metal */; };
		909DFF9B21DA8C5A00241714 /* MetalTexture.swift in Sources */ = {isa = PBXBuildFile; fileRef = 909DFF9A21DA8C5A00241714 /* MetalTexture.swift */; };
		909DFF9D21DAA2B000241714 /* ResourceManager.swift in Sources */ = {isa = PBXBuildFile; fileRef = 909DFF9C21DAA2B000241714 /* ResourceManager.swift */; };
		90B4BE1C21CA572A008ECBB3 /* AppDelegate.swift in Sources */ = {isa = PBXBuildFile; fileRef = 90B4BE1B21CA572A008ECBB3 /* AppDelegate.swift */; };
		90B4BE1E21CA572B008ECBB3 /* ViewController.swift in Sources */ = {isa = PBXBuildFile; fileRef = 90B4BE1D21CA572B008ECBB3 /* ViewController.swift */; };
		90B4BE2121CA572B008ECBB3 /* Main.storyboard in Resources */ = {isa = PBXBuildFile; fileRef = 90B4BE1F21CA572B008ECBB3 /* Main.storyboard */; };
		90B4BE2321CA572C008ECBB3 /* Assets.xcassets in Resources */ = {isa = PBXBuildFile; fileRef = 90B4BE2221CA572C008ECBB3 /* Assets.xcassets */; };
		90B4BE2621CA572C008ECBB3 /* LaunchScreen.storyboard in Resources */ = {isa = PBXBuildFile; fileRef = 90B4BE2421CA572C008ECBB3 /* LaunchScreen.storyboard */; };
		90B4BE2E21CA57D8008ECBB3 /* MathUtilities.swift in Sources */ = {isa = PBXBuildFile; fileRef = 90B4BE2D21CA57D8008ECBB3 /* MathUtilities.swift */; };
		90B4BE3021CA57F0008ECBB3 /* CameraController.swift in Sources */ = {isa = PBXBuildFile; fileRef = 90B4BE2F21CA57F0008ECBB3 /* CameraController.swift */; };
		90B4C1A221CA5A91008ECBB3 /* Config.swift in Sources */ = {isa = PBXBuildFile; fileRef = 90B4C1A121CA5A91008ECBB3 /* Config.swift */; };
		90B4C1A521CA5BAB008ECBB3 /* Submesh.swift in Sources */ = {isa = PBXBuildFile; fileRef = 90B4C1A421CA5BAB008ECBB3 /* Submesh.swift */; };
		90B4C1A721CA5CAE008ECBB3 /* Chunk.swift in Sources */ = {isa = PBXBuildFile; fileRef = 90B4C1A621CA5CAE008ECBB3 /* Chunk.swift */; };
		90B4C1A921CA6009008ECBB3 /* Scene.swift in Sources */ = {isa = PBXBuildFile; fileRef = 90B4C1A821CA6009008ECBB3 /* Scene.swift */; };
		90B4C1AB21CA6877008ECBB3 /* Noise.swift in Sources */ = {isa = PBXBuildFile; fileRef = 90B4C1AA21CA6877008ECBB3 /* Noise.swift */; };
		90B4C1AD21CA786E008ECBB3 /* SceneShader.metal in Sources */ = {isa = PBXBuildFile; fileRef = 90B4C1AC21CA786E008ECBB3 /* SceneShader.metal */; };
/* End PBXBuildFile section */

/* Begin PBXFileReference section */
		909A885F21DB636900AE91DF /* up_normal.png */ = {isa = PBXFileReference; lastKnownFileType = image.png; path = up_normal.png; sourceTree = "<group>"; };
		909A886021DB636900AE91DF /* down_normal.png */ = {isa = PBXFileReference; lastKnownFileType = image.png; path = down_normal.png; sourceTree = "<group>"; };
		909A886121DB636900AE91DF /* right_highlight.png */ = {isa = PBXFileReference; lastKnownFileType = image.png; path = right_highlight.png; sourceTree = "<group>"; };
		909A886221DB636900AE91DF /* left_highlight.png */ = {isa = PBXFileReference; lastKnownFileType = image.png; path = left_highlight.png; sourceTree = "<group>"; };
		909A886321DB636900AE91DF /* left_normal.png */ = {isa = PBXFileReference; lastKnownFileType = image.png; path = left_normal.png; sourceTree = "<group>"; };
		909A886421DB636900AE91DF /* down_highlight.png */ = {isa = PBXFileReference; lastKnownFileType = image.png; path = down_highlight.png; sourceTree = "<group>"; };
		909A886521DB636900AE91DF /* right_normal.png */ = {isa = PBXFileReference; lastKnownFileType = image.png; path = right_normal.png; sourceTree = "<group>"; };
		909A886621DB636900AE91DF /* up_highlight.png */ = {isa = PBXFileReference; lastKnownFileType = image.png; path = up_highlight.png; sourceTree = "<group>"; };
		909DFF9821DA69B400241714 /* InstanceSceneShader.metal */ = {isa = PBXFileReference; lastKnownFileType = sourcecode.metal; path = InstanceSceneShader.metal; sourceTree = "<group>"; };
		909DFF9A21DA8C5A00241714 /* MetalTexture.swift */ = {isa = PBXFileReference; fileEncoding = 4; lastKnownFileType = sourcecode.swift; path = MetalTexture.swift; sourceTree = "<group>"; };
		909DFF9C21DAA2B000241714 /* ResourceManager.swift */ = {isa = PBXFileReference; lastKnownFileType = sourcecode.swift; name = ResourceManager.swift; path = Polyworld/ResourceManager.swift; sourceTree = SOURCE_ROOT; };
		90B4BE1821CA572A008ECBB3 /* Polyworld.app */ = {isa = PBXFileReference; explicitFileType = wrapper.application; includeInIndex = 0; path = Polyworld.app; sourceTree = BUILT_PRODUCTS_DIR; };
		90B4BE1B21CA572A008ECBB3 /* AppDelegate.swift */ = {isa = PBXFileReference; lastKnownFileType = sourcecode.swift; path = AppDelegate.swift; sourceTree = "<group>"; };
		90B4BE1D21CA572B008ECBB3 /* ViewController.swift */ = {isa = PBXFileReference; lastKnownFileType = sourcecode.swift; path = ViewController.swift; sourceTree = "<group>"; };
		90B4BE2021CA572B008ECBB3 /* Base */ = {isa = PBXFileReference; lastKnownFileType = file.storyboard; name = Base; path = Base.lproj/Main.storyboard; sourceTree = "<group>"; };
		90B4BE2221CA572C008ECBB3 /* Assets.xcassets */ = {isa = PBXFileReference; lastKnownFileType = folder.assetcatalog; path = Assets.xcassets; sourceTree = "<group>"; };
		90B4BE2521CA572C008ECBB3 /* Base */ = {isa = PBXFileReference; lastKnownFileType = file.storyboard; name = Base; path = Base.lproj/LaunchScreen.storyboard; sourceTree = "<group>"; };
		90B4BE2721CA572C008ECBB3 /* Info.plist */ = {isa = PBXFileReference; lastKnownFileType = text.plist.xml; path = Info.plist; sourceTree = "<group>"; };
		90B4BE2D21CA57D8008ECBB3 /* MathUtilities.swift */ = {isa = PBXFileReference; fileEncoding = 4; lastKnownFileType = sourcecode.swift; path = MathUtilities.swift; sourceTree = "<group>"; };
		90B4BE2F21CA57F0008ECBB3 /* CameraController.swift */ = {isa = PBXFileReference; fileEncoding = 4; lastKnownFileType = sourcecode.swift; path = CameraController.swift; sourceTree = "<group>"; };
		90B4C1A121CA5A91008ECBB3 /* Config.swift */ = {isa = PBXFileReference; lastKnownFileType = sourcecode.swift; path = Config.swift; sourceTree = "<group>"; };
		90B4C1A421CA5BAB008ECBB3 /* Submesh.swift */ = {isa = PBXFileReference; lastKnownFileType = sourcecode.swift; path = Submesh.swift; sourceTree = "<group>"; };
		90B4C1A621CA5CAE008ECBB3 /* Chunk.swift */ = {isa = PBXFileReference; lastKnownFileType = sourcecode.swift; path = Chunk.swift; sourceTree = "<group>"; };
		90B4C1A821CA6009008ECBB3 /* Scene.swift */ = {isa = PBXFileReference; lastKnownFileType = sourcecode.swift; path = Scene.swift; sourceTree = "<group>"; };
		90B4C1AA21CA6877008ECBB3 /* Noise.swift */ = {isa = PBXFileReference; lastKnownFileType = sourcecode.swift; path = Noise.swift; sourceTree = "<group>"; };
		90B4C1AC21CA786E008ECBB3 /* SceneShader.metal */ = {isa = PBXFileReference; lastKnownFileType = sourcecode.metal; path = SceneShader.metal; sourceTree = "<group>"; };
/* End PBXFileReference section */

/* Begin PBXFrameworksBuildPhase section */
		90B4BE1521CA572A008ECBB3 /* Frameworks */ = {
			isa = PBXFrameworksBuildPhase;
			buildActionMask = 2147483647;
			files = (
			);
			runOnlyForDeploymentPostprocessing = 0;
		};
/* End PBXFrameworksBuildPhase section */

/* Begin PBXGroup section */
		9031781321DA1E4A00D18E39 /* Shader */ = {
			isa = PBXGroup;
			children = (
				90B4C1AC21CA786E008ECBB3 /* SceneShader.metal */,
				909DFF9821DA69B400241714 /* InstanceSceneShader.metal */,
			);
			path = Shader;
			sourceTree = "<group>";
		};
		909A885E21DB636900AE91DF /* Button */ = {
			isa = PBXGroup;
			children = (
				909A885F21DB636900AE91DF /* up_normal.png */,
				909A886621DB636900AE91DF /* up_highlight.png */,
				909A886021DB636900AE91DF /* down_normal.png */,
				909A886421DB636900AE91DF /* down_highlight.png */,
				909A886321DB636900AE91DF /* left_normal.png */,
				909A886221DB636900AE91DF /* left_highlight.png */,
				909A886521DB636900AE91DF /* right_normal.png */,
				909A886121DB636900AE91DF /* right_highlight.png */,
			);
			path = Button;
			sourceTree = "<group>";
		};
		90B4BE0F21CA572A008ECBB3 = {
			isa = PBXGroup;
			children = (
				90B4BE1A21CA572A008ECBB3 /* Polyworld */,
				90B4BE1921CA572A008ECBB3 /* Products */,
			);
			sourceTree = "<group>";
		};
		90B4BE1921CA572A008ECBB3 /* Products */ = {
			isa = PBXGroup;
			children = (
				90B4BE1821CA572A008ECBB3 /* Polyworld.app */,
			);
			name = Products;
			sourceTree = "<group>";
		};
		90B4BE1A21CA572A008ECBB3 /* Polyworld */ = {
			isa = PBXGroup;
			children = (
				909A885E21DB636900AE91DF /* Button */,
				9031781321DA1E4A00D18E39 /* Shader */,
				90B4C1A321CA5B98008ECBB3 /* Scene */,
				90B4C1A121CA5A91008ECBB3 /* Config.swift */,
				90B4BE1B21CA572A008ECBB3 /* AppDelegate.swift */,
				90B4BE1D21CA572B008ECBB3 /* ViewController.swift */,
				909DFF9C21DAA2B000241714 /* ResourceManager.swift */,
				90B4BE2D21CA57D8008ECBB3 /* MathUtilities.swift */,
				909DFF9A21DA8C5A00241714 /* MetalTexture.swift */,
				90B4BE2F21CA57F0008ECBB3 /* CameraController.swift */,
				90B4BE1F21CA572B008ECBB3 /* Main.storyboard */,
				90B4BE2221CA572C008ECBB3 /* Assets.xcassets */,
				90B4BE2421CA572C008ECBB3 /* LaunchScreen.storyboard */,
				90B4BE2721CA572C008ECBB3 /* Info.plist */,
			);
			path = Polyworld;
			sourceTree = "<group>";
		};
		90B4C1A321CA5B98008ECBB3 /* Scene */ = {
			isa = PBXGroup;
			children = (
				90B4C1AA21CA6877008ECBB3 /* Noise.swift */,
				90B4C1A421CA5BAB008ECBB3 /* Submesh.swift */,
				90B4C1A621CA5CAE008ECBB3 /* Chunk.swift */,
				90B4C1A821CA6009008ECBB3 /* Scene.swift */,
			);
			path = Scene;
			sourceTree = "<group>";
		};
/* End PBXGroup section */

/* Begin PBXNativeTarget section */
		90B4BE1721CA572A008ECBB3 /* Polyworld */ = {
			isa = PBXNativeTarget;
			buildConfigurationList = 90B4BE2A21CA572C008ECBB3 /* Build configuration list for PBXNativeTarget "Polyworld" */;
			buildPhases = (
				90B4BE1421CA572A008ECBB3 /* Sources */,
				90B4BE1521CA572A008ECBB3 /* Frameworks */,
				90B4BE1621CA572A008ECBB3 /* Resources */,
			);
			buildRules = (
			);
			dependencies = (
			);
			name = Polyworld;
			productName = Polyworld;
			productReference = 90B4BE1821CA572A008ECBB3 /* Polyworld.app */;
			productType = "com.apple.product-type.application";
		};
/* End PBXNativeTarget section */

/* Begin PBXProject section */
		90B4BE1021CA572A008ECBB3 /* Project object */ = {
			isa = PBXProject;
			attributes = {
				LastSwiftUpdateCheck = 1010;
				LastUpgradeCheck = 1010;
				ORGANIZATIONNAME = Sxy;
				TargetAttributes = {
					90B4BE1721CA572A008ECBB3 = {
						CreatedOnToolsVersion = 10.1;
					};
				};
			};
			buildConfigurationList = 90B4BE1321CA572A008ECBB3 /* Build configuration list for PBXProject "Polyworld" */;
			compatibilityVersion = "Xcode 9.3";
			developmentRegion = en;
			hasScannedForEncodings = 0;
			knownRegions = (
				en,
				Base,
			);
			mainGroup = 90B4BE0F21CA572A008ECBB3;
			productRefGroup = 90B4BE1921CA572A008ECBB3 /* Products */;
			projectDirPath = "";
			projectRoot = "";
			targets = (
				90B4BE1721CA572A008ECBB3 /* Polyworld */,
			);
		};
/* End PBXProject section */

/* Begin PBXResourcesBuildPhase section */
		90B4BE1621CA572A008ECBB3 /* Resources */ = {
			isa = PBXResourcesBuildPhase;
			buildActionMask = 2147483647;
			files = (
				909A886C21DB636900AE91DF /* down_highlight.png in Resources */,
				90B4BE2621CA572C008ECBB3 /* LaunchScreen.storyboard in Resources */,
				909A886821DB636900AE91DF /* down_normal.png in Resources */,
				909A886D21DB636900AE91DF /* right_normal.png in Resources */,
				909A886A21DB636900AE91DF /* left_highlight.png in Resources */,
				909A886721DB636900AE91DF /* up_normal.png in Resources */,
				909A886921DB636900AE91DF /* right_highlight.png in Resources */,
				909A886B21DB636900AE91DF /* left_normal.png in Resources */,
				90B4BE2321CA572C008ECBB3 /* Assets.xcassets in Resources */,
				909A886E21DB636900AE91DF /* up_highlight.png in Resources */,
				90B4BE2121CA572B008ECBB3 /* Main.storyboard in Resources */,
			);
			runOnlyForDeploymentPostprocessing = 0;
		};
/* End PBXResourcesBuildPhase section */

/* Begin PBXSourcesBuildPhase section */
		90B4BE1421CA572A008ECBB3 /* Sources */ = {
			isa = PBXSourcesBuildPhase;
			buildActionMask = 2147483647;
			files = (
				90B4BE1E21CA572B008ECBB3 /* ViewController.swift in Sources */,
				909DFF9B21DA8C5A00241714 /* MetalTexture.swift in Sources */,
				90B4BE2E21CA57D8008ECBB3 /* MathUtilities.swift in Sources */,
				90B4C1A921CA6009008ECBB3 /* Scene.swift in Sources */,
				90B4C1AB21CA6877008ECBB3 /* Noise.swift in Sources */,
				90B4C1A721CA5CAE008ECBB3 /* Chunk.swift in Sources */,
				90B4C1A221CA5A91008ECBB3 /* Config.swift in Sources */,
				90B4C1AD21CA786E008ECBB3 /* SceneShader.metal in Sources */,
				90B4BE3021CA57F0008ECBB3 /* CameraController.swift in Sources */,
				90B4BE1C21CA572A008ECBB3 /* AppDelegate.swift in Sources */,
				909DFF9D21DAA2B000241714 /* ResourceManager.swift in Sources */,
				909DFF9921DA69B400241714 /* InstanceSceneShader.metal in Sources */,
				90B4C1A521CA5BAB008ECBB3 /* Submesh.swift in Sources */,
			);
			runOnlyForDeploymentPostprocessing = 0;
		};
/* End PBXSourcesBuildPhase section */

/* Begin PBXVariantGroup section */
		90B4BE1F21CA572B008ECBB3 /* Main.storyboard */ = {
			isa = PBXVariantGroup;
			children = (
				90B4BE2021CA572B008ECBB3 /* Base */,
			);
			name = Main.storyboard;
			sourceTree = "<group>";
		};
		90B4BE2421CA572C008ECBB3 /* LaunchScreen.storyboard */ = {
			isa = PBXVariantGroup;
			children = (
				90B4BE2521CA572C008ECBB3 /* Base */,
			);
			name = LaunchScreen.storyboard;
			sourceTree = "<group>";
		};
/* End PBXVariantGroup section */

/* Begin XCBuildConfiguration section */
		90B4BE2821CA572C008ECBB3 /* Debug */ = {
			isa = XCBuildConfiguration;
			buildSettings = {
				ALWAYS_SEARCH_USER_PATHS = NO;
				CLANG_ANALYZER_NONNULL = YES;
				CLANG_ANALYZER_NUMBER_OBJECT_CONVERSION = YES_AGGRESSIVE;
				CLANG_CXX_LANGUAGE_STANDARD = "gnu++14";
				CLANG_CXX_LIBRARY = "libc++";
				CLANG_ENABLE_MODULES = YES;
				CLANG_ENABLE_OBJC_ARC = YES;
				CLANG_ENABLE_OBJC_WEAK = YES;
				CLANG_WARN_BLOCK_CAPTURE_AUTORELEASING = YES;
				CLANG_WARN_BOOL_CONVERSION = YES;
				CLANG_WARN_COMMA = YES;
				CLANG_WARN_CONSTANT_CONVERSION = YES;
				CLANG_WARN_DEPRECATED_OBJC_IMPLEMENTATIONS = YES;
				CLANG_WARN_DIRECT_OBJC_ISA_USAGE = YES_ERROR;
				CLANG_WARN_DOCUMENTATION_COMMENTS = YES;
				CLANG_WARN_EMPTY_BODY = YES;
				CLANG_WARN_ENUM_CONVERSION = YES;
				CLANG_WARN_INFINITE_RECURSION = YES;
				CLANG_WARN_INT_CONVERSION = YES;
				CLANG_WARN_NON_LITERAL_NULL_CONVERSION = YES;
				CLANG_WARN_OBJC_IMPLICIT_RETAIN_SELF = YES;
				CLANG_WARN_OBJC_LITERAL_CONVERSION = YES;
				CLANG_WARN_OBJC_ROOT_CLASS = YES_ERROR;
				CLANG_WARN_RANGE_LOOP_ANALYSIS = YES;
				CLANG_WARN_STRICT_PROTOTYPES = YES;
				CLANG_WARN_SUSPICIOUS_MOVE = YES;
				CLANG_WARN_UNGUARDED_AVAILABILITY = YES_AGGRESSIVE;
				CLANG_WARN_UNREACHABLE_CODE = YES;
				CLANG_WARN__DUPLICATE_METHOD_MATCH = YES;
				CODE_SIGN_IDENTITY = "iPhone Developer";
				COPY_PHASE_STRIP = NO;
				DEBUG_INFORMATION_FORMAT = dwarf;
				ENABLE_STRICT_OBJC_MSGSEND = YES;
				ENABLE_TESTABILITY = YES;
				GCC_C_LANGUAGE_STANDARD = gnu11;
				GCC_DYNAMIC_NO_PIC = NO;
				GCC_NO_COMMON_BLOCKS = YES;
				GCC_OPTIMIZATION_LEVEL = 0;
				GCC_PREPROCESSOR_DEFINITIONS = (
					"DEBUG=1",
					"$(inherited)",
				);
				GCC_WARN_64_TO_32_BIT_CONVERSION = YES;
				GCC_WARN_ABOUT_RETURN_TYPE = YES_ERROR;
				GCC_WARN_UNDECLARED_SELECTOR = YES;
				GCC_WARN_UNINITIALIZED_AUTOS = YES_AGGRESSIVE;
				GCC_WARN_UNUSED_FUNCTION = YES;
				GCC_WARN_UNUSED_VARIABLE = YES;
				IPHONEOS_DEPLOYMENT_TARGET = 12.1;
				MTL_ENABLE_DEBUG_INFO = INCLUDE_SOURCE;
				MTL_FAST_MATH = YES;
				ONLY_ACTIVE_ARCH = YES;
				SDKROOT = iphoneos;
				SWIFT_ACTIVE_COMPILATION_CONDITIONS = DEBUG;
				SWIFT_OPTIMIZATION_LEVEL = "-Onone";
			};
			name = Debug;
		};
		90B4BE2921CA572C008ECBB3 /* Release */ = {
			isa = XCBuildConfiguration;
			buildSettings = {
				ALWAYS_SEARCH_USER_PATHS = NO;
				CLANG_ANALYZER_NONNULL = YES;
				CLANG_ANALYZER_NUMBER_OBJECT_CONVERSION = YES_AGGRESSIVE;
				CLANG_CXX_LANGUAGE_STANDARD = "gnu++14";
				CLANG_CXX_LIBRARY = "libc++";
				CLANG_ENABLE_MODULES = YES;
				CLANG_ENABLE_OBJC_ARC = YES;
				CLANG_ENABLE_OBJC_WEAK = YES;
				CLANG_WARN_BLOCK_CAPTURE_AUTORELEASING = YES;
				CLANG_WARN_BOOL_CONVERSION = YES;
				CLANG_WARN_COMMA = YES;
				CLANG_WARN_CONSTANT_CONVERSION = YES;
				CLANG_WARN_DEPRECATED_OBJC_IMPLEMENTATIONS = YES;
				CLANG_WARN_DIRECT_OBJC_ISA_USAGE = YES_ERROR;
				CLANG_WARN_DOCUMENTATION_COMMENTS = YES;
				CLANG_WARN_EMPTY_BODY = YES;
				CLANG_WARN_ENUM_CONVERSION = YES;
				CLANG_WARN_INFINITE_RECURSION = YES;
				CLANG_WARN_INT_CONVERSION = YES;
				CLANG_WARN_NON_LITERAL_NULL_CONVERSION = YES;
				CLANG_WARN_OBJC_IMPLICIT_RETAIN_SELF = YES;
				CLANG_WARN_OBJC_LITERAL_CONVERSION = YES;
				CLANG_WARN_OBJC_ROOT_CLASS = YES_ERROR;
				CLANG_WARN_RANGE_LOOP_ANALYSIS = YES;
				CLANG_WARN_STRICT_PROTOTYPES = YES;
				CLANG_WARN_SUSPICIOUS_MOVE = YES;
				CLANG_WARN_UNGUARDED_AVAILABILITY = YES_AGGRESSIVE;
				CLANG_WARN_UNREACHABLE_CODE = YES;
				CLANG_WARN__DUPLICATE_METHOD_MATCH = YES;
				CODE_SIGN_IDENTITY = "iPhone Developer";
				COPY_PHASE_STRIP = NO;
				DEBUG_INFORMATION_FORMAT = "dwarf-with-dsym";
				ENABLE_NS_ASSERTIONS = NO;
				ENABLE_STRICT_OBJC_MSGSEND = YES;
				GCC_C_LANGUAGE_STANDARD = gnu11;
				GCC_NO_COMMON_BLOCKS = YES;
				GCC_WARN_64_TO_32_BIT_CONVERSION = YES;
				GCC_WARN_ABOUT_RETURN_TYPE = YES_ERROR;
				GCC_WARN_UNDECLARED_SELECTOR = YES;
				GCC_WARN_UNINITIALIZED_AUTOS = YES_AGGRESSIVE;
				GCC_WARN_UNUSED_FUNCTION = YES;
				GCC_WARN_UNUSED_VARIABLE = YES;
				IPHONEOS_DEPLOYMENT_TARGET = 12.1;
				MTL_ENABLE_DEBUG_INFO = NO;
				MTL_FAST_MATH = YES;
				SDKROOT = iphoneos;
				SWIFT_COMPILATION_MODE = wholemodule;
				SWIFT_OPTIMIZATION_LEVEL = "-O";
				VALIDATE_PRODUCT = YES;
			};
			name = Release;
		};
		90B4BE2B21CA572C008ECBB3 /* Debug */ = {
			isa = XCBuildConfiguration;
			buildSettings = {
				ASSETCATALOG_COMPILER_APPICON_NAME = AppIcon;
				CODE_SIGN_STYLE = Automatic;
				DEVELOPMENT_TEAM = CE83544H6Y;
				INFOPLIST_FILE = Polyworld/Info.plist;
				LD_RUNPATH_SEARCH_PATHS = (
					"$(inherited)",
					"@executable_path/Frameworks",
				);
				LIBRARY_SEARCH_PATHS = (
					"$(inherited)",
					"$(PROJECT_DIR)/Polyworld/lowpoly/OpenGLStuff/lib",
				);
				PRODUCT_BUNDLE_IDENTIFIER = com.Sxy.Polyworld;
				PRODUCT_NAME = "$(TARGET_NAME)";
				SWIFT_VERSION = 4.2;
				TARGETED_DEVICE_FAMILY = "1,2";
			};
			name = Debug;
		};
		90B4BE2C21CA572C008ECBB3 /* Release */ = {
			isa = XCBuildConfiguration;
			buildSettings = {
				ASSETCATALOG_COMPILER_APPICON_NAME = AppIcon;
				CODE_SIGN_STYLE = Automatic;
				DEVELOPMENT_TEAM = CE83544H6Y;
				INFOPLIST_FILE = Polyworld/Info.plist;
				LD_RUNPATH_SEARCH_PATHS = (
					"$(inherited)",
					"@executable_path/Frameworks",
				);
				LIBRARY_SEARCH_PATHS = (
					"$(inherited)",
					"$(PROJECT_DIR)/Polyworld/lowpoly/OpenGLStuff/lib",
				);
				PRODUCT_BUNDLE_IDENTIFIER = com.Sxy.Polyworld;
				PRODUCT_NAME = "$(TARGET_NAME)";
				SWIFT_VERSION = 4.2;
				TARGETED_DEVICE_FAMILY = "1,2";
			};
			name = Release;
		};
/* End XCBuildConfiguration section */

/* Begin XCConfigurationList section */
		90B4BE1321CA572A008ECBB3 /* Build configuration list for PBXProject "Polyworld" */ = {
			isa = XCConfigurationList;
			buildConfigurations = (
				90B4BE2821CA572C008ECBB3 /* Debug */,
				90B4BE2921CA572C008ECBB3 /* Release */,
			);
			defaultConfigurationIsVisible = 0;
			defaultConfigurationName = Release;
		};
		90B4BE2A21CA572C008ECBB3 /* Build configuration list for PBXNativeTarget "Polyworld" */ = {
			isa = XCConfigurationList;
			buildConfigurations = (
				90B4BE2B21CA572C008ECBB3 /* Debug */,
				90B4BE2C21CA572C008ECBB3 /* Release */,
			);
			defaultConfigurationIsVisible = 0;
			defaultConfigurationName = Release;
		};
/* End XCConfigurationList section */
	};
	rootObject = 90B4BE1021CA572A008ECBB3 /* Project object */;
}
